
Microsoft Visual Studio Solution File, Format Version 12.00
# Visual Studio Version 17
VisualStudioVersion = 17.13.35931.197 d17.13
MinimumVisualStudioVersion = 10.0.40219.1
Project("{FAE04EC0-301F-11D3-BF4B-00C04F79EFBC}") = "Petshop", "Petshop\Petshop.csproj", "{534097DA-794E-4DC1-90FD-ED90D98040E4}"
EndProject
Global
	GlobalSection(SolutionConfigurationPlatforms) = preSolution
		Debug|Any CPU = Debug|Any CPU
		Release|Any CPU = Release|Any CPU
	EndGlobalSection
	GlobalSection(ProjectConfigurationPlatforms) = postSolution
		{534097DA-794E-4DC1-90FD-ED90D98040E4}.Debug|Any CPU.ActiveCfg = Debug|Any CPU
		{534097DA-794E-4DC1-90FD-ED90D98040E4}.Debug|Any CPU.Build.0 = Debug|Any CPU
		{534097DA-794E-4DC1-90FD-ED90D98040E4}.Release|Any CPU.ActiveCfg = Release|Any CPU
		{534097DA-794E-4DC1-90FD-ED90D98040E4}.Release|Any CPU.Build.0 = Release|Any CPU
	EndGlobalSection
	GlobalSection(SolutionProperties) = preSolution
		HideSolutionNode = FALSE
	EndGlobalSection
	GlobalSection(ExtensibilityGlobals) = postSolution
		SolutionGuid = {6C866214-AEC4-40B7-BBD3-0402E8D5DE53}
	EndGlobalSection
EndGlobal
