
Microsoft Visual Studio Solution File, Format Version 12.00
# Visual Studio Version 17
VisualStudioVersion = 17.13.35931.197 d17.13
MinimumVisualStudioVersion = 10.0.40219.1
Project("{E24C65DC-7377-472B-9ABA-BC803B73C61A}") = "Travel-Now", ".", "{CEC05746-42B1-E362-7284-2FFCC7F752EB}"
	ProjectSection(WebsiteProperties) = preProject
		TargetFrameworkMoniker = ".NETFramework,Version%3Dv4.8"
		Debug.AspNetCompiler.VirtualPath = "/localhost_58198"
		Debug.AspNetCompiler.PhysicalPath = "..\Travel-Now\"
		Debug.AspNetCompiler.TargetPath = "PrecompiledWeb\localhost_58198\"
		Debug.AspNetCompiler.Updateable = "true"
		Debug.AspNetCompiler.ForceOverwrite = "true"
		Debug.AspNetCompiler.FixedNames = "false"
		Debug.AspNetCompiler.Debug = "True"
		Release.AspNetCompiler.VirtualPath = "/localhost_58198"
		Release.AspNetCompiler.PhysicalPath = "..\Travel-Now\"
		Release.AspNetCompiler.TargetPath = "PrecompiledWeb\localhost_58198\"
		Release.AspNetCompiler.Updateable = "true"
		Release.AspNetCompiler.ForceOverwrite = "true"
		Release.AspNetCompiler.FixedNames = "false"
		Release.AspNetCompiler.Debug = "False"
		VWDPort = "58198"
		SlnRelativePath = "..\Travel-Now\"
	EndProjectSection
EndProject
Global
	GlobalSection(SolutionConfigurationPlatforms) = preSolution
		Debug|Any CPU = Debug|Any CPU
	EndGlobalSection
	GlobalSection(ProjectConfigurationPlatforms) = postSolution
		{CEC05746-42B1-E362-7284-2FFCC7F752EB}.Debug|Any CPU.ActiveCfg = Debug|Any CPU
		{CEC05746-42B1-E362-7284-2FFCC7F752EB}.Debug|Any CPU.Build.0 = Debug|Any CPU
	EndGlobalSection
	GlobalSection(SolutionProperties) = preSolution
		HideSolutionNode = FALSE
	EndGlobalSection
	GlobalSection(ExtensibilityGlobals) = postSolution
		SolutionGuid = {BA25F425-1548-4A73-9D44-91E3489BC4C4}
	EndGlobalSection
EndGlobal
